
Microsoft Visual Studio Solution File, Format Version 12.00
# Visual Studio Version 17
VisualStudioVersion = 17.12.35514.174
MinimumVisualStudioVersion = 10.0.40219.1
Project("{FAE04EC0-301F-11D3-BF4B-00C04F79EFBC}") = "WSRegistro", "WSRegistro\WSRegistro.csproj", "{48CB7E3E-8AA4-4C7A-B810-3D56865E43B8}"
EndProject
Project("{FAE04EC0-301F-11D3-BF4B-00C04F79EFBC}") = "WSRegistro.Tests", "WSRegistro.Tests\WSRegistro.Tests.csproj", "{CCF44BA0-D335-484E-B592-7B6FF34B7C75}"
EndProject
Project("{FAE04EC0-301F-11D3-BF4B-00C04F79EFBC}") = "WSRegistro.IntegrationTests", "WSRegistro.IntegrationTests\WSRegistro.IntegrationTests.csproj", "{4C1378BB-F4A7-4453-983A-EA3A276D41A5}"
EndProject
Global
	GlobalSection(SolutionConfigurationPlatforms) = preSolution
		Debug|Any CPU = Debug|Any CPU
		Release|Any CPU = Release|Any CPU
	EndGlobalSection
	GlobalSection(ProjectConfigurationPlatforms) = postSolution
		{48CB7E3E-8AA4-4C7A-B810-3D56865E43B8}.Debug|Any CPU.ActiveCfg = Debug|Any CPU
		{48CB7E3E-8AA4-4C7A-B810-3D56865E43B8}.Debug|Any CPU.Build.0 = Debug|Any CPU
		{48CB7E3E-8AA4-4C7A-B810-3D56865E43B8}.Release|Any CPU.ActiveCfg = Release|Any CPU
		{48CB7E3E-8AA4-4C7A-B810-3D56865E43B8}.Release|Any CPU.Build.0 = Release|Any CPU
		{CCF44BA0-D335-484E-B592-7B6FF34B7C75}.Debug|Any CPU.ActiveCfg = Debug|Any CPU
		{CCF44BA0-D335-484E-B592-7B6FF34B7C75}.Debug|Any CPU.Build.0 = Debug|Any CPU
		{CCF44BA0-D335-484E-B592-7B6FF34B7C75}.Release|Any CPU.ActiveCfg = Release|Any CPU
		{CCF44BA0-D335-484E-B592-7B6FF34B7C75}.Release|Any CPU.Build.0 = Release|Any CPU
		{4C1378BB-F4A7-4453-983A-EA3A276D41A5}.Debug|Any CPU.ActiveCfg = Debug|Any CPU
		{4C1378BB-F4A7-4453-983A-EA3A276D41A5}.Debug|Any CPU.Build.0 = Debug|Any CPU
		{4C1378BB-F4A7-4453-983A-EA3A276D41A5}.Release|Any CPU.ActiveCfg = Release|Any CPU
		{4C1378BB-F4A7-4453-983A-EA3A276D41A5}.Release|Any CPU.Build.0 = Release|Any CPU
	EndGlobalSection
	GlobalSection(SolutionProperties) = preSolution
		HideSolutionNode = FALSE
	EndGlobalSection
EndGlobal
